// !$*UTF8*$!
{
	archiveVersion = 1;
	classes = {
	};
	objectVersion = 46;
	objects = {

/* Begin PBXBuildFile section */
		FF80D8021E480C4100DEBC5A /* AppDelegate.swift in Sources */ = {isa = PBXBuildFile; fileRef = FF80D8011E480C4100DEBC5A /* AppDelegate.swift */; };
		FF80D8041E480C4100DEBC5A /* ViewController.swift in Sources */ = {isa = PBXBuildFile; fileRef = FF80D8031E480C4100DEBC5A /* ViewController.swift */; };
		FF80D8071E480C4100DEBC5A /* Main.storyboard in Resources */ = {isa = PBXBuildFile; fileRef = FF80D8051E480C4100DEBC5A /* Main.storyboard */; };
		FF80D80A1E480C4100DEBC5A /* SaveByArchive.xcdatamodeld in Sources */ = {isa = PBXBuildFile; fileRef = FF80D8081E480C4100DEBC5A /* SaveByArchive.xcdatamodeld */; };
		FF80D80C1E480C4100DEBC5A /* Assets.xcassets in Resources */ = {isa = PBXBuildFile; fileRef = FF80D80B1E480C4100DEBC5A /* Assets.xcassets */; };
		FF80D80F1E480C4100DEBC5A /* LaunchScreen.storyboard in Resources */ = {isa = PBXBuildFile; fileRef = FF80D80D1E480C4100DEBC5A /* LaunchScreen.storyboard */; };
		FF80D81A1E480C4100DEBC5A /* SaveByArchiveTests.swift in Sources */ = {isa = PBXBuildFile; fileRef = FF80D8191E480C4100DEBC5A /* SaveByArchiveTests.swift */; };
/* End PBXBuildFile section */

/* Begin PBXContainerItemProxy section */
		FF80D8161E480C4100DEBC5A /* PBXContainerItemProxy */ = {
			isa = PBXContainerItemProxy;
			containerPortal = FF80D7F61E480C4100DEBC5A /* Project object */;
			proxyType = 1;
			remoteGlobalIDString = FF80D7FD1E480C4100DEBC5A;
			remoteInfo = SaveByArchive;
		};
/* End PBXContainerItemProxy section */

/* Begin PBXFileReference section */
		FF80D7FE1E480C4100DEBC5A /* SaveByArchive.app */ = {isa = PBXFileReference; explicitFileType = wrapper.application; includeInIndex = 0; path = SaveByArchive.app; sourceTree = BUILT_PRODUCTS_DIR; };
		FF80D8011E480C4100DEBC5A /* AppDelegate.swift */ = {isa = PBXFileReference; lastKnownFileType = sourcecode.swift; path = AppDelegate.swift; sourceTree = "<group>"; };
		FF80D8031E480C4100DEBC5A /* ViewController.swift */ = {isa = PBXFileReference; lastKnownFileType = sourcecode.swift; path = ViewController.swift; sourceTree = "<group>"; };
		FF80D8061E480C4100DEBC5A /* Base */ = {isa = PBXFileReference; lastKnownFileType = file.storyboard; name = Base; path = Base.lproj/Main.storyboard; sourceTree = "<group>"; };
		FF80D8091E480C4100DEBC5A /* SaveByArchive.xcdatamodel */ = {isa = PBXFileReference; lastKnownFileType = wrapper.xcdatamodel; path = SaveByArchive.xcdatamodel; sourceTree = "<group>"; };
		FF80D80B1E480C4100DEBC5A /* Assets.xcassets */ = {isa = PBXFileReference; lastKnownFileType = folder.assetcatalog; path = Assets.xcassets; sourceTree = "<group>"; };
		FF80D80E1E480C4100DEBC5A /* Base */ = {isa = PBXFileReference; lastKnownFileType = file.storyboard; name = Base; path = Base.lproj/LaunchScreen.storyboard; sourceTree = "<group>"; };
		FF80D8101E480C4100DEBC5A /* Info.plist */ = {isa = PBXFileReference; lastKnownFileType = text.plist.xml; path = Info.plist; sourceTree = "<group>"; };
		FF80D8151E480C4100DEBC5A /* SaveByArchiveTests.xctest */ = {isa = PBXFileReference; explicitFileType = wrapper.cfbundle; includeInIndex = 0; path = SaveByArchiveTests.xctest; sourceTree = BUILT_PRODUCTS_DIR; };
		FF80D8191E480C4100DEBC5A /* SaveByArchiveTests.swift */ = {isa = PBXFileReference; lastKnownFileType = sourcecode.swift; path = SaveByArchiveTests.swift; sourceTree = "<group>"; };
		FF80D81B1E480C4100DEBC5A /* Info.plist */ = {isa = PBXFileReference; lastKnownFileType = text.plist.xml; path = Info.plist; sourceTree = "<group>"; };
/* End PBXFileReference section */

/* Begin PBXFrameworksBuildPhase section */
		FF80D7FB1E480C4100DEBC5A /* Frameworks */ = {
			isa = PBXFrameworksBuildPhase;
			buildActionMask = 2147483647;
			files = (
			);
			runOnlyForDeploymentPostprocessing = 0;
		};
		FF80D8121E480C4100DEBC5A /* Frameworks */ = {
			isa = PBXFrameworksBuildPhase;
			buildActionMask = 2147483647;
			files = (
			);
			runOnlyForDeploymentPostprocessing = 0;
		};
/* End PBXFrameworksBuildPhase section */

/* Begin PBXGroup section */
		FF80D7F51E480C4100DEBC5A = {
			isa = PBXGroup;
			children = (
				FF80D8001E480C4100DEBC5A /* SaveByArchive */,
				FF80D8181E480C4100DEBC5A /* SaveByArchiveTests */,
				FF80D7FF1E480C4100DEBC5A /* Products */,
			);
			sourceTree = "<group>";
		};
		FF80D7FF1E480C4100DEBC5A /* Products */ = {
			isa = PBXGroup;
			children = (
				FF80D7FE1E480C4100DEBC5A /* SaveByArchive.app */,
				FF80D8151E480C4100DEBC5A /* SaveByArchiveTests.xctest */,
			);
			name = Products;
			sourceTree = "<group>";
		};
		FF80D8001E480C4100DEBC5A /* SaveByArchive */ = {
			isa = PBXGroup;
			children = (
				FF80D8011E480C4100DEBC5A /* AppDelegate.swift */,
				FF80D8031E480C4100DEBC5A /* ViewController.swift */,
				FF80D8051E480C4100DEBC5A /* Main.storyboard */,
				FF80D80B1E480C4100DEBC5A /* Assets.xcassets */,
				FF80D80D1E480C4100DEBC5A /* LaunchScreen.storyboard */,
				FF80D8101E480C4100DEBC5A /* Info.plist */,
				FF80D8081E480C4100DEBC5A /* SaveByArchive.xcdatamodeld */,
			);
			path = SaveByArchive;
			sourceTree = "<group>";
		};
		FF80D8181E480C4100DEBC5A /* SaveByArchiveTests */ = {
			isa = PBXGroup;
			children = (
				FF80D8191E480C4100DEBC5A /* SaveByArchiveTests.swift */,
				FF80D81B1E480C4100DEBC5A /* Info.plist */,
			);
			path = SaveByArchiveTests;
			sourceTree = "<group>";
		};
/* End PBXGroup section */

/* Begin PBXNativeTarget section */
		FF80D7FD1E480C4100DEBC5A /* SaveByArchive */ = {
			isa = PBXNativeTarget;
			buildConfigurationList = FF80D81E1E480C4100DEBC5A /* Build configuration list for PBXNativeTarget "SaveByArchive" */;
			buildPhases = (
				FF80D7FA1E480C4100DEBC5A /* Sources */,
				FF80D7FB1E480C4100DEBC5A /* Frameworks */,
				FF80D7FC1E480C4100DEBC5A /* Resources */,
			);
			buildRules = (
			);
			dependencies = (
			);
			name = SaveByArchive;
			productName = SaveByArchive;
			productReference = FF80D7FE1E480C4100DEBC5A /* SaveByArchive.app */;
			productType = "com.apple.product-type.application";
		};
		FF80D8141E480C4100DEBC5A /* SaveByArchiveTests */ = {
			isa = PBXNativeTarget;
			buildConfigurationList = FF80D8211E480C4100DEBC5A /* Build configuration list for PBXNativeTarget "SaveByArchiveTests" */;
			buildPhases = (
				FF80D8111E480C4100DEBC5A /* Sources */,
				FF80D8121E480C4100DEBC5A /* Frameworks */,
				FF80D8131E480C4100DEBC5A /* Resources */,
			);
			buildRules = (
			);
			dependencies = (
				FF80D8171E480C4100DEBC5A /* PBXTargetDependency */,
			);
			name = SaveByArchiveTests;
			productName = SaveByArchiveTests;
			productReference = FF80D8151E480C4100DEBC5A /* SaveByArchiveTests.xctest */;
			productType = "com.apple.product-type.bundle.unit-test";
		};
/* End PBXNativeTarget section */

/* Begin PBXProject section */
		FF80D7F61E480C4100DEBC5A /* Project object */ = {
			isa = PBXProject;
			attributes = {
				LastSwiftUpdateCheck = 0820;
				LastUpgradeCheck = 0820;
				ORGANIZATIONNAME = "Trương Thắng";
				TargetAttributes = {
					FF80D7FD1E480C4100DEBC5A = {
						CreatedOnToolsVersion = 8.2.1;
						DevelopmentTeam = 56AJJ634ZU;
						ProvisioningStyle = Automatic;
					};
					FF80D8141E480C4100DEBC5A = {
						CreatedOnToolsVersion = 8.2.1;
						DevelopmentTeam = 56AJJ634ZU;
						ProvisioningStyle = Automatic;
						TestTargetID = FF80D7FD1E480C4100DEBC5A;
					};
				};
			};
			buildConfigurationList = FF80D7F91E480C4100DEBC5A /* Build configuration list for PBXProject "SaveByArchive" */;
			compatibilityVersion = "Xcode 3.2";
			developmentRegion = English;
			hasScannedForEncodings = 0;
			knownRegions = (
				en,
				Base,
			);
			mainGroup = FF80D7F51E480C4100DEBC5A;
			productRefGroup = FF80D7FF1E480C4100DEBC5A /* Products */;
			projectDirPath = "";
			projectRoot = "";
			targets = (
				FF80D7FD1E480C4100DEBC5A /* SaveByArchive */,
				FF80D8141E480C4100DEBC5A /* SaveByArchiveTests */,
			);
		};
/* End PBXProject section */

/* Begin PBXResourcesBuildPhase section */
		FF80D7FC1E480C4100DEBC5A /* Resources */ = {
			isa = PBXResourcesBuildPhase;
			buildActionMask = 2147483647;
			files = (
				FF80D80F1E480C4100DEBC5A /* LaunchScreen.storyboard in Resources */,
				FF80D80C1E480C4100DEBC5A /* Assets.xcassets in Resources */,
				FF80D8071E480C4100DEBC5A /* Main.storyboard in Resources */,
			);
			runOnlyForDeploymentPostprocessing = 0;
		};
		FF80D8131E480C4100DEBC5A /* Resources */ = {
			isa = PBXResourcesBuildPhase;
			buildActionMask = 2147483647;
			files = (
			);
			runOnlyForDeploymentPostprocessing = 0;
		};
/* End PBXResourcesBuildPhase section */

/* Begin PBXSourcesBuildPhase section */
		FF80D7FA1E480C4100DEBC5A /* Sources */ = {
			isa = PBXSourcesBuildPhase;
			buildActionMask = 2147483647;
			files = (
				FF80D8041E480C4100DEBC5A /* ViewController.swift in Sources */,
				FF80D8021E480C4100DEBC5A /* AppDelegate.swift in Sources */,
				FF80D80A1E480C4100DEBC5A /* SaveByArchive.xcdatamodeld in Sources */,
			);
			runOnlyForDeploymentPostprocessing = 0;
		};
		FF80D8111E480C4100DEBC5A /* Sources */ = {
			isa = PBXSourcesBuildPhase;
			buildActionMask = 2147483647;
			files = (
				FF80D81A1E480C4100DEBC5A /* SaveByArchiveTests.swift in Sources */,
			);
			runOnlyForDeploymentPostprocessing = 0;
		};
/* End PBXSourcesBuildPhase section */

/* Begin PBXTargetDependency section */
		FF80D8171E480C4100DEBC5A /* PBXTargetDependency */ = {
			isa = PBXTargetDependency;
			target = FF80D7FD1E480C4100DEBC5A /* SaveByArchive */;
			targetProxy = FF80D8161E480C4100DEBC5A /* PBXContainerItemProxy */;
		};
/* End PBXTargetDependency section */

/* Begin PBXVariantGroup section */
		FF80D8051E480C4100DEBC5A /* Main.storyboard */ = {
			isa = PBXVariantGroup;
			children = (
				FF80D8061E480C4100DEBC5A /* Base */,
			);
			name = Main.storyboard;
			sourceTree = "<group>";
		};
		FF80D80D1E480C4100DEBC5A /* LaunchScreen.storyboard */ = {
			isa = PBXVariantGroup;
			children = (
				FF80D80E1E480C4100DEBC5A /* Base */,
			);
			name = LaunchScreen.storyboard;
			sourceTree = "<group>";
		};
/* End PBXVariantGroup section */

/* Begin XCBuildConfiguration section */
		FF80D81C1E480C4100DEBC5A /* Debug */ = {
			isa = XCBuildConfiguration;
			buildSettings = {
				ALWAYS_SEARCH_USER_PATHS = NO;
				CLANG_ANALYZER_NONNULL = YES;
				CLANG_CXX_LANGUAGE_STANDARD = "gnu++0x";
				CLANG_CXX_LIBRARY = "libc++";
				CLANG_ENABLE_MODULES = YES;
				CLANG_ENABLE_OBJC_ARC = YES;
				CLANG_WARN_BOOL_CONVERSION = YES;
				CLANG_WARN_CONSTANT_CONVERSION = YES;
				CLANG_WARN_DIRECT_OBJC_ISA_USAGE = YES_ERROR;
				CLANG_WARN_DOCUMENTATION_COMMENTS = YES;
				CLANG_WARN_EMPTY_BODY = YES;
				CLANG_WARN_ENUM_CONVERSION = YES;
				CLANG_WARN_INFINITE_RECURSION = YES;
				CLANG_WARN_INT_CONVERSION = YES;
				CLANG_WARN_OBJC_ROOT_CLASS = YES_ERROR;
				CLANG_WARN_SUSPICIOUS_MOVE = YES;
				CLANG_WARN_UNREACHABLE_CODE = YES;
				CLANG_WARN__DUPLICATE_METHOD_MATCH = YES;
				"CODE_SIGN_IDENTITY[sdk=iphoneos*]" = "iPhone Developer";
				COPY_PHASE_STRIP = NO;
				DEBUG_INFORMATION_FORMAT = dwarf;
				ENABLE_STRICT_OBJC_MSGSEND = YES;
				ENABLE_TESTABILITY = YES;
				GCC_C_LANGUAGE_STANDARD = gnu99;
				GCC_DYNAMIC_NO_PIC = NO;
				GCC_NO_COMMON_BLOCKS = YES;
				GCC_OPTIMIZATION_LEVEL = 0;
				GCC_PREPROCESSOR_DEFINITIONS = (
					"DEBUG=1",
					"$(inherited)",
				);
				GCC_WARN_64_TO_32_BIT_CONVERSION = YES;
				GCC_WARN_ABOUT_RETURN_TYPE = YES_ERROR;
				GCC_WARN_UNDECLARED_SELECTOR = YES;
				GCC_WARN_UNINITIALIZED_AUTOS = YES_AGGRESSIVE;
				GCC_WARN_UNUSED_FUNCTION = YES;
				GCC_WARN_UNUSED_VARIABLE = YES;
				IPHONEOS_DEPLOYMENT_TARGET = 10.2;
				MTL_ENABLE_DEBUG_INFO = YES;
				ONLY_ACTIVE_ARCH = YES;
				SDKROOT = iphoneos;
				SWIFT_ACTIVE_COMPILATION_CONDITIONS = DEBUG;
				SWIFT_OPTIMIZATION_LEVEL = "-Onone";
				TARGETED_DEVICE_FAMILY = "1,2";
			};
			name = Debug;
		};
		FF80D81D1E480C4100DEBC5A /* Release */ = {
			isa = XCBuildConfiguration;
			buildSettings = {
				ALWAYS_SEARCH_USER_PATHS = NO;
				CLANG_ANALYZER_NONNULL = YES;
				CLANG_CXX_LANGUAGE_STANDARD = "gnu++0x";
				CLANG_CXX_LIBRARY = "libc++";
				CLANG_ENABLE_MODULES = YES;
				CLANG_ENABLE_OBJC_ARC = YES;
				CLANG_WARN_BOOL_CONVERSION = YES;
				CLANG_WARN_CONSTANT_CONVERSION = YES;
				CLANG_WARN_DIRECT_OBJC_ISA_USAGE = YES_ERROR;
				CLANG_WARN_DOCUMENTATION_COMMENTS = YES;
				CLANG_WARN_EMPTY_BODY = YES;
				CLANG_WARN_ENUM_CONVERSION = YES;
				CLANG_WARN_INFINITE_RECURSION = YES;
				CLANG_WARN_INT_CONVERSION = YES;
				CLANG_WARN_OBJC_ROOT_CLASS = YES_ERROR;
				CLANG_WARN_SUSPICIOUS_MOVE = YES;
				CLANG_WARN_UNREACHABLE_CODE = YES;
				CLANG_WARN__DUPLICATE_METHOD_MATCH = YES;
				"CODE_SIGN_IDENTITY[sdk=iphoneos*]" = "iPhone Developer";
				COPY_PHASE_STRIP = NO;
				DEBUG_INFORMATION_FORMAT = "dwarf-with-dsym";
				ENABLE_NS_ASSERTIONS = NO;
				ENABLE_STRICT_OBJC_MSGSEND = YES;
				GCC_C_LANGUAGE_STANDARD = gnu99;
				GCC_NO_COMMON_BLOCKS = YES;
				GCC_WARN_64_TO_32_BIT_CONVERSION = YES;
				GCC_WARN_ABOUT_RETURN_TYPE = YES_ERROR;
				GCC_WARN_UNDECLARED_SELECTOR = YES;
				GCC_WARN_UNINITIALIZED_AUTOS = YES_AGGRESSIVE;
				GCC_WARN_UNUSED_FUNCTION = YES;
				GCC_WARN_UNUSED_VARIABLE = YES;
				IPHONEOS_DEPLOYMENT_TARGET = 10.2;
				MTL_ENABLE_DEBUG_INFO = NO;
				SDKROOT = iphoneos;
				SWIFT_OPTIMIZATION_LEVEL = "-Owholemodule";
				TARGETED_DEVICE_FAMILY = "1,2";
				VALIDATE_PRODUCT = YES;
			};
			name = Release;
		};
		FF80D81F1E480C4100DEBC5A /* Debug */ = {
			isa = XCBuildConfiguration;
			buildSettings = {
				ASSETCATALOG_COMPILER_APPICON_NAME = AppIcon;
				DEVELOPMENT_TEAM = 56AJJ634ZU;
				INFOPLIST_FILE = SaveByArchive/Info.plist;
				LD_RUNPATH_SEARCH_PATHS = "$(inherited) @executable_path/Frameworks";
				PRODUCT_BUNDLE_IDENTIFIER = thang.SaveByArchive;
				PRODUCT_NAME = "$(TARGET_NAME)";
				SWIFT_VERSION = 3.0;
			};
			name = Debug;
		};
		FF80D8201E480C4100DEBC5A /* Release */ = {
			isa = XCBuildConfiguration;
			buildSettings = {
				ASSETCATALOG_COMPILER_APPICON_NAME = AppIcon;
				DEVELOPMENT_TEAM = 56AJJ634ZU;
				INFOPLIST_FILE = SaveByArchive/Info.plist;
				LD_RUNPATH_SEARCH_PATHS = "$(inherited) @executable_path/Frameworks";
				PRODUCT_BUNDLE_IDENTIFIER = thang.SaveByArchive;
				PRODUCT_NAME = "$(TARGET_NAME)";
				SWIFT_VERSION = 3.0;
			};
			name = Release;
		};
		FF80D8221E480C4100DEBC5A /* Debug */ = {
			isa = XCBuildConfiguration;
			buildSettings = {
				ALWAYS_EMBED_SWIFT_STANDARD_LIBRARIES = YES;
				BUNDLE_LOADER = "$(TEST_HOST)";
				DEVELOPMENT_TEAM = 56AJJ634ZU;
				INFOPLIST_FILE = SaveByArchiveTests/Info.plist;
				LD_RUNPATH_SEARCH_PATHS = "$(inherited) @executable_path/Frameworks @loader_path/Frameworks";
				PRODUCT_BUNDLE_IDENTIFIER = thang.SaveByArchiveTests;
				PRODUCT_NAME = "$(TARGET_NAME)";
				SWIFT_VERSION = 3.0;
				TEST_HOST = "$(BUILT_PRODUCTS_DIR)/SaveByArchive.app/SaveByArchive";
			};
			name = Debug;
		};
		FF80D8231E480C4100DEBC5A /* Release */ = {
			isa = XCBuildConfiguration;
			buildSettings = {
				ALWAYS_EMBED_SWIFT_STANDARD_LIBRARIES = YES;
				BUNDLE_LOADER = "$(TEST_HOST)";
				DEVELOPMENT_TEAM = 56AJJ634ZU;
				INFOPLIST_FILE = SaveByArchiveTests/Info.plist;
				LD_RUNPATH_SEARCH_PATHS = "$(inherited) @executable_path/Frameworks @loader_path/Frameworks";
				PRODUCT_BUNDLE_IDENTIFIER = thang.SaveByArchiveTests;
				PRODUCT_NAME = "$(TARGET_NAME)";
				SWIFT_VERSION = 3.0;
				TEST_HOST = "$(BUILT_PRODUCTS_DIR)/SaveByArchive.app/SaveByArchive";
			};
			name = Release;
		};
/* End XCBuildConfiguration section */

/* Begin XCConfigurationList section */
		FF80D7F91E480C4100DEBC5A /* Build configuration list for PBXProject "SaveByArchive" */ = {
			isa = XCConfigurationList;
			buildConfigurations = (
				FF80D81C1E480C4100DEBC5A /* Debug */,
				FF80D81D1E480C4100DEBC5A /* Release */,
			);
			defaultConfigurationIsVisible = 0;
			defaultConfigurationName = Release;
		};
		FF80D81E1E480C4100DEBC5A /* Build configuration list for PBXNativeTarget "SaveByArchive" */ = {
			isa = XCConfigurationList;
			buildConfigurations = (
				FF80D81F1E480C4100DEBC5A /* Debug */,
				FF80D8201E480C4100DEBC5A /* Release */,
			);
			defaultConfigurationIsVisible = 0;
		};
		FF80D8211E480C4100DEBC5A /* Build configuration list for PBXNativeTarget "SaveByArchiveTests" */ = {
			isa = XCConfigurationList;
			buildConfigurations = (
				FF80D8221E480C4100DEBC5A /* Debug */,
				FF80D8231E480C4100DEBC5A /* Release */,
			);
			defaultConfigurationIsVisible = 0;
		};
/* End XCConfigurationList section */

/* Begin XCVersionGroup section */
		FF80D8081E480C4100DEBC5A /* SaveByArchive.xcdatamodeld */ = {
			isa = XCVersionGroup;
			children = (
				FF80D8091E480C4100DEBC5A /* SaveByArchive.xcdatamodel */,
			);
			currentVersion = FF80D8091E480C4100DEBC5A /* SaveByArchive.xcdatamodel */;
			path = SaveByArchive.xcdatamodeld;
			sourceTree = "<group>";
			versionGroupType = wrapper.xcdatamodel;
		};
/* End XCVersionGroup section */
	};
	rootObject = FF80D7F61E480C4100DEBC5A /* Project object */;
}
